
Microsoft Visual Studio Solution File, Format Version 12.00
# Visual Studio Version 17
VisualStudioVersion = 17.9.34723.18
MinimumVisualStudioVersion = 10.0.40219.1
Project("{FAE04EC0-301F-11D3-BF4B-00C04F79EFBC}") = "CarLibrary", "CarLibrary\CarLibrary.csproj", "{021A93D3-77CA-4C78-850C-9A1C9AA5D9A6}"
EndProject
Global
	GlobalSection(SolutionConfigurationPlatforms) = preSolution
		Debug|Any CPU = Debug|Any CPU
		Release|Any CPU = Release|Any CPU
	EndGlobalSection
	GlobalSection(ProjectConfigurationPlatforms) = postSolution
		{021A93D3-77CA-4C78-850C-9A1C9AA5D9A6}.Debug|Any CPU.ActiveCfg = Debug|Any CPU
		{021A93D3-77CA-4C78-850C-9A1C9AA5D9A6}.Debug|Any CPU.Build.0 = Debug|Any CPU
		{021A93D3-77CA-4C78-850C-9A1C9AA5D9A6}.Release|Any CPU.ActiveCfg = Release|Any CPU
		{021A93D3-77CA-4C78-850C-9A1C9AA5D9A6}.Release|Any CPU.Build.0 = Release|Any CPU
	EndGlobalSection
	GlobalSection(SolutionProperties) = preSolution
		HideSolutionNode = FALSE
	EndGlobalSection
	GlobalSection(ExtensibilityGlobals) = postSolution
		SolutionGuid = {FA3EFF38-65B6-49D2-A29D-F649E43B3311}
	EndGlobalSection
EndGlobal
